
Microsoft Visual Studio Solution File, Format Version 12.00
# Visual Studio Version 17
VisualStudioVersion = 17.0.31903.59
MinimumVisualStudioVersion = 10.0.40219.1
Project("{9A19103F-16F7-4668-BE54-9A1E7A4F7556}") = "AoC1", "AoC1\AoC1.csproj", "{798B3D34-8244-4072-A985-7BE67564B678}"
EndProject
Project("{9A19103F-16F7-4668-BE54-9A1E7A4F7556}") = "AoC2", "AoC2\AoC2.csproj", "{ADA22CDA-2F85-4CD5-B0DC-AF8662E48756}"
EndProject
Project("{9A19103F-16F7-4668-BE54-9A1E7A4F7556}") = "AoC3", "AoC3\AoC3.csproj", "{140DED56-1FC5-4B27-8733-40225E477285}"
EndProject
Project("{9A19103F-16F7-4668-BE54-9A1E7A4F7556}") = "AoC4", "AoC4\AoC4.csproj", "{56C21F15-EE56-4F48-B615-33F986BDB806}"
EndProject
Project("{9A19103F-16F7-4668-BE54-9A1E7A4F7556}") = "AoC6", "AoC6\AoC6.csproj", "{93597904-0DA4-4901-AEB8-CBEC2449B1F4}"
EndProject
Project("{FAE04EC0-301F-11D3-BF4B-00C04F79EFBC}") = "AoC7", "AoC7\AoC7.csproj", "{0E4004DA-C295-4EA4-BD13-44E8997583D5}"
EndProject
Global
	GlobalSection(SolutionConfigurationPlatforms) = preSolution
		Debug|Any CPU = Debug|Any CPU
		Release|Any CPU = Release|Any CPU
	EndGlobalSection
	GlobalSection(ProjectConfigurationPlatforms) = postSolution
		{798B3D34-8244-4072-A985-7BE67564B678}.Debug|Any CPU.ActiveCfg = Debug|Any CPU
		{798B3D34-8244-4072-A985-7BE67564B678}.Debug|Any CPU.Build.0 = Debug|Any CPU
		{798B3D34-8244-4072-A985-7BE67564B678}.Release|Any CPU.ActiveCfg = Release|Any CPU
		{798B3D34-8244-4072-A985-7BE67564B678}.Release|Any CPU.Build.0 = Release|Any CPU
		{ADA22CDA-2F85-4CD5-B0DC-AF8662E48756}.Debug|Any CPU.ActiveCfg = Debug|Any CPU
		{ADA22CDA-2F85-4CD5-B0DC-AF8662E48756}.Debug|Any CPU.Build.0 = Debug|Any CPU
		{ADA22CDA-2F85-4CD5-B0DC-AF8662E48756}.Release|Any CPU.ActiveCfg = Release|Any CPU
		{ADA22CDA-2F85-4CD5-B0DC-AF8662E48756}.Release|Any CPU.Build.0 = Release|Any CPU
		{140DED56-1FC5-4B27-8733-40225E477285}.Debug|Any CPU.ActiveCfg = Debug|Any CPU
		{140DED56-1FC5-4B27-8733-40225E477285}.Debug|Any CPU.Build.0 = Debug|Any CPU
		{140DED56-1FC5-4B27-8733-40225E477285}.Release|Any CPU.ActiveCfg = Release|Any CPU
		{140DED56-1FC5-4B27-8733-40225E477285}.Release|Any CPU.Build.0 = Release|Any CPU
		{56C21F15-EE56-4F48-B615-33F986BDB806}.Debug|Any CPU.ActiveCfg = Debug|Any CPU
		{56C21F15-EE56-4F48-B615-33F986BDB806}.Debug|Any CPU.Build.0 = Debug|Any CPU
		{56C21F15-EE56-4F48-B615-33F986BDB806}.Release|Any CPU.ActiveCfg = Release|Any CPU
		{56C21F15-EE56-4F48-B615-33F986BDB806}.Release|Any CPU.Build.0 = Release|Any CPU
		{93597904-0DA4-4901-AEB8-CBEC2449B1F4}.Debug|Any CPU.ActiveCfg = Debug|Any CPU
		{93597904-0DA4-4901-AEB8-CBEC2449B1F4}.Debug|Any CPU.Build.0 = Debug|Any CPU
		{93597904-0DA4-4901-AEB8-CBEC2449B1F4}.Release|Any CPU.ActiveCfg = Release|Any CPU
		{93597904-0DA4-4901-AEB8-CBEC2449B1F4}.Release|Any CPU.Build.0 = Release|Any CPU
		{0E4004DA-C295-4EA4-BD13-44E8997583D5}.Debug|Any CPU.ActiveCfg = Debug|Any CPU
		{0E4004DA-C295-4EA4-BD13-44E8997583D5}.Debug|Any CPU.Build.0 = Debug|Any CPU
		{0E4004DA-C295-4EA4-BD13-44E8997583D5}.Release|Any CPU.ActiveCfg = Release|Any CPU
		{0E4004DA-C295-4EA4-BD13-44E8997583D5}.Release|Any CPU.Build.0 = Release|Any CPU
	EndGlobalSection
	GlobalSection(SolutionProperties) = preSolution
		HideSolutionNode = FALSE
	EndGlobalSection
	GlobalSection(ExtensibilityGlobals) = postSolution
		SolutionGuid = {2DDE35F9-3D7D-4EF1-BF2A-43335A52A11D}
	EndGlobalSection
EndGlobal
